
Microsoft Visual Studio Solution File, Format Version 12.00
# Visual Studio Version 16
VisualStudioVersion = 16.0.30523.141
MinimumVisualStudioVersion = 10.0.40219.1
Project("{FAE04EC0-301F-11D3-BF4B-00C04F79EFBC}") = "CarShopPilot", "CarShopPilot\CarShopPilot.csproj", "{D069B3A8-C0CA-4F1B-85FC-E430DB7B116C}"
EndProject
Project("{FAE04EC0-301F-11D3-BF4B-00C04F79EFBC}") = "DomainModels", "DomainModels\DomainModels.csproj", "{2C3D953C-FA75-4D6F-AF92-68D9B460A917}"
EndProject
Project("{FAE04EC0-301F-11D3-BF4B-00C04F79EFBC}") = "ApplicationServices", "ApplicationServices\ApplicationServices.csproj", "{288C4EE0-7023-4E69-A179-AA849E9F01BD}"
EndProject
Project("{FAE04EC0-301F-11D3-BF4B-00C04F79EFBC}") = "Workshop", "Workshop\Workshop.csproj", "{4FF80A5D-9267-4D85-9A1A-193F02687BDA}"
EndProject
Project("{FAE04EC0-301F-11D3-BF4B-00C04F79EFBC}") = "Common", "Common\Common.csproj", "{030392FB-1B8D-47E5-A20A-B1E0913245E0}"
EndProject
Global
	GlobalSection(SolutionConfigurationPlatforms) = preSolution
		Debug|Any CPU = Debug|Any CPU
		Release|Any CPU = Release|Any CPU
	EndGlobalSection
	GlobalSection(ProjectConfigurationPlatforms) = postSolution
		{D069B3A8-C0CA-4F1B-85FC-E430DB7B116C}.Debug|Any CPU.ActiveCfg = Debug|Any CPU
		{D069B3A8-C0CA-4F1B-85FC-E430DB7B116C}.Debug|Any CPU.Build.0 = Debug|Any CPU
		{D069B3A8-C0CA-4F1B-85FC-E430DB7B116C}.Release|Any CPU.ActiveCfg = Release|Any CPU
		{D069B3A8-C0CA-4F1B-85FC-E430DB7B116C}.Release|Any CPU.Build.0 = Release|Any CPU
		{2C3D953C-FA75-4D6F-AF92-68D9B460A917}.Debug|Any CPU.ActiveCfg = Debug|Any CPU
		{2C3D953C-FA75-4D6F-AF92-68D9B460A917}.Debug|Any CPU.Build.0 = Debug|Any CPU
		{2C3D953C-FA75-4D6F-AF92-68D9B460A917}.Release|Any CPU.ActiveCfg = Release|Any CPU
		{2C3D953C-FA75-4D6F-AF92-68D9B460A917}.Release|Any CPU.Build.0 = Release|Any CPU
		{288C4EE0-7023-4E69-A179-AA849E9F01BD}.Debug|Any CPU.ActiveCfg = Debug|Any CPU
		{288C4EE0-7023-4E69-A179-AA849E9F01BD}.Debug|Any CPU.Build.0 = Debug|Any CPU
		{288C4EE0-7023-4E69-A179-AA849E9F01BD}.Release|Any CPU.ActiveCfg = Release|Any CPU
		{288C4EE0-7023-4E69-A179-AA849E9F01BD}.Release|Any CPU.Build.0 = Release|Any CPU
		{4FF80A5D-9267-4D85-9A1A-193F02687BDA}.Debug|Any CPU.ActiveCfg = Debug|Any CPU
		{4FF80A5D-9267-4D85-9A1A-193F02687BDA}.Debug|Any CPU.Build.0 = Debug|Any CPU
		{4FF80A5D-9267-4D85-9A1A-193F02687BDA}.Release|Any CPU.ActiveCfg = Release|Any CPU
		{4FF80A5D-9267-4D85-9A1A-193F02687BDA}.Release|Any CPU.Build.0 = Release|Any CPU
		{030392FB-1B8D-47E5-A20A-B1E0913245E0}.Debug|Any CPU.ActiveCfg = Debug|Any CPU
		{030392FB-1B8D-47E5-A20A-B1E0913245E0}.Debug|Any CPU.Build.0 = Debug|Any CPU
		{030392FB-1B8D-47E5-A20A-B1E0913245E0}.Release|Any CPU.ActiveCfg = Release|Any CPU
		{030392FB-1B8D-47E5-A20A-B1E0913245E0}.Release|Any CPU.Build.0 = Release|Any CPU
	EndGlobalSection
	GlobalSection(SolutionProperties) = preSolution
		HideSolutionNode = FALSE
	EndGlobalSection
	GlobalSection(ExtensibilityGlobals) = postSolution
		SolutionGuid = {BCAC969E-092C-40BD-8478-09A8250867E3}
	EndGlobalSection
EndGlobal
